
Microsoft Visual Studio Solution File, Format Version 12.00
# Visual Studio 15
VisualStudioVersion = 15.0.27703.2035
MinimumVisualStudioVersion = 10.0.40219.1
Project("{FAE04EC0-301F-11D3-BF4B-00C04F79EFBC}") = "Palindrome", "Palindrome\Palindrome.csproj", "{5513EA85-8226-4AAA-A518-FFFE209E99DA}"
EndProject
Global
	GlobalSection(SolutionConfigurationPlatforms) = preSolution
		Debug|Any CPU = Debug|Any CPU
		Release|Any CPU = Release|Any CPU
	EndGlobalSection
	GlobalSection(ProjectConfigurationPlatforms) = postSolution
		{5513EA85-8226-4AAA-A518-FFFE209E99DA}.Debug|Any CPU.ActiveCfg = Debug|Any CPU
		{5513EA85-8226-4AAA-A518-FFFE209E99DA}.Debug|Any CPU.Build.0 = Debug|Any CPU
		{5513EA85-8226-4AAA-A518-FFFE209E99DA}.Release|Any CPU.ActiveCfg = Release|Any CPU
		{5513EA85-8226-4AAA-A518-FFFE209E99DA}.Release|Any CPU.Build.0 = Release|Any CPU
	EndGlobalSection
	GlobalSection(SolutionProperties) = preSolution
		HideSolutionNode = FALSE
	EndGlobalSection
	GlobalSection(ExtensibilityGlobals) = postSolution
		SolutionGuid = {66C2626B-26DD-40D6-AB2A-4353BB9AE2CD}
	EndGlobalSection
EndGlobal
